
Microsoft Visual Studio Solution File, Format Version 12.00
# Visual Studio Version 16
VisualStudioVersion = 16.0.30204.135
MinimumVisualStudioVersion = 10.0.40219.1
Project("{FAE04EC0-301F-11D3-BF4B-00C04F79EFBC}") = "Auth.API", "Auth.API\Auth.API.csproj", "{26F05E12-E64C-48F1-92E3-A8B157112DD8}"
EndProject
Project("{FAE04EC0-301F-11D3-BF4B-00C04F79EFBC}") = "Auth.DataInfra", "Auth.DataInfra\Auth.DataInfra.csproj", "{921A1213-66E8-4AC9-8558-53C520E7688E}"
EndProject
Global
	GlobalSection(SolutionConfigurationPlatforms) = preSolution
		Debug|Any CPU = Debug|Any CPU
		Release|Any CPU = Release|Any CPU
	EndGlobalSection
	GlobalSection(ProjectConfigurationPlatforms) = postSolution
		{26F05E12-E64C-48F1-92E3-A8B157112DD8}.Debug|Any CPU.ActiveCfg = Debug|Any CPU
		{26F05E12-E64C-48F1-92E3-A8B157112DD8}.Debug|Any CPU.Build.0 = Debug|Any CPU
		{26F05E12-E64C-48F1-92E3-A8B157112DD8}.Release|Any CPU.ActiveCfg = Release|Any CPU
		{26F05E12-E64C-48F1-92E3-A8B157112DD8}.Release|Any CPU.Build.0 = Release|Any CPU
		{921A1213-66E8-4AC9-8558-53C520E7688E}.Debug|Any CPU.ActiveCfg = Debug|Any CPU
		{921A1213-66E8-4AC9-8558-53C520E7688E}.Debug|Any CPU.Build.0 = Debug|Any CPU
		{921A1213-66E8-4AC9-8558-53C520E7688E}.Release|Any CPU.ActiveCfg = Release|Any CPU
		{921A1213-66E8-4AC9-8558-53C520E7688E}.Release|Any CPU.Build.0 = Release|Any CPU
	EndGlobalSection
	GlobalSection(SolutionProperties) = preSolution
		HideSolutionNode = FALSE
	EndGlobalSection
	GlobalSection(ExtensibilityGlobals) = postSolution
		SolutionGuid = {5F83FDAE-D7D6-480C-ADE6-2032A590A6F1}
	EndGlobalSection
EndGlobal
